
Microsoft Visual Studio Solution File, Format Version 12.00
Project("{2150E333-8FDC-42A3-9474-1A3956D46DE8}") = "Solution Items", "Solution Items", "{1F0EEB3C-999C-4878-98F5-24090FE6A662}"
	ProjectSection(SolutionItems) = preProject
		compose.yaml = compose.yaml
	EndProjectSection
EndProject
Project("{2150E333-8FDC-42A3-9474-1A3956D46DE8}") = "Auth", "Auth", "{02F6C020-6B5A-47B9-96C4-902F95438765}"
EndProject
Project("{2150E333-8FDC-42A3-9474-1A3956D46DE8}") = "Order", "Order", "{FE610C3E-EE75-44C8-854A-52D317FF7955}"
EndProject
Project("{2150E333-8FDC-42A3-9474-1A3956D46DE8}") = "Stock", "Stock", "{21E72A0E-D58D-4DD2-95E8-CB933B2C346B}"
EndProject
Project("{2150E333-8FDC-42A3-9474-1A3956D46DE8}") = "Product", "Product", "{9CF03A89-D5CE-4CDB-88F8-C7F93A29B3CE}"
EndProject
Project("{FAE04EC0-301F-11D3-BF4B-00C04F79EFBC}") = "ArlequimTech.Order.API", "ArlequimTech.Order.API\ArlequimTech.Order.API.csproj", "{F0D8F1BD-05B3-4CFF-B97A-964378EBE988}"
EndProject
Project("{FAE04EC0-301F-11D3-BF4B-00C04F79EFBC}") = "ArlequimTech.Order.Application", "ArlequimTech.Order.Application\ArlequimTech.Order.Application.csproj", "{5C1EACF2-01C0-4FF2-9154-3711B6C4A688}"
EndProject
Project("{FAE04EC0-301F-11D3-BF4B-00C04F79EFBC}") = "ArlequimTech.Order.Domain", "ArlequimTech.Order.Domain\ArlequimTech.Order.Domain.csproj", "{B6FF447E-73E1-42C8-B7DA-D6A0DEFECE18}"
EndProject
Project("{FAE04EC0-301F-11D3-BF4B-00C04F79EFBC}") = "ArlequimTech.Order.Infrastructure", "ArlequimTech.Order.Infrastructure\ArlequimTech.Order.Infrastructure.csproj", "{8C553816-AA6B-44C2-8CD5-FB5CF904503C}"
EndProject
Project("{FAE04EC0-301F-11D3-BF4B-00C04F79EFBC}") = "ArlequimTech.Order.Tests", "ArlequimTech.Order.Tests\ArlequimTech.Order.Tests.csproj", "{85B82B7A-19DD-4811-B4A6-C3421AFBB098}"
EndProject
Project("{FAE04EC0-301F-11D3-BF4B-00C04F79EFBC}") = "ArlequimTech.Product.API", "ArlequimTech.Product.API\ArlequimTech.Product.API.csproj", "{F2D022B2-D294-4E55-8A88-D8D94C3E1855}"
EndProject
Project("{FAE04EC0-301F-11D3-BF4B-00C04F79EFBC}") = "ArlequimTech.Stock.API", "ArlequimTech.Stock.API\ArlequimTech.Stock.API.csproj", "{DD2860CD-490F-491D-8A4A-3651D7BAE72B}"
EndProject
Project("{FAE04EC0-301F-11D3-BF4B-00C04F79EFBC}") = "ArlequimTech.Auth.API", "ArlequimTech.Auth.API\ArlequimTech.Auth.API.csproj", "{C88B84D9-6492-49BD-9CFE-A0E5EF481521}"
EndProject
Project("{FAE04EC0-301F-11D3-BF4B-00C04F79EFBC}") = "ArlequimTech.Product.Application", "ArlequimTech.Product.Application\ArlequimTech.Product.Application.csproj", "{919401E4-B379-4251-868E-E5231C260177}"
EndProject
Project("{FAE04EC0-301F-11D3-BF4B-00C04F79EFBC}") = "ArlequimTech.Product.Domain", "ArlequimTech.Product.Domain\ArlequimTech.Product.Domain.csproj", "{45DAFD4C-5B77-436C-A9EB-098A8A1C69EA}"
EndProject
Project("{FAE04EC0-301F-11D3-BF4B-00C04F79EFBC}") = "ArlequimTech.Product.Infrastructure", "ArlequimTech.Product.Infrastructure\ArlequimTech.Product.Infrastructure.csproj", "{4F0698F4-49B1-4667-AE15-86F0617990DD}"
EndProject
Project("{FAE04EC0-301F-11D3-BF4B-00C04F79EFBC}") = "ArlequimTech.Product.Tests", "ArlequimTech.Product.Tests\ArlequimTech.Product.Tests.csproj", "{E4663AAD-076D-4691-9066-54EEC101C13F}"
EndProject
Project("{FAE04EC0-301F-11D3-BF4B-00C04F79EFBC}") = "ArlequimTech.Stock.Application", "ArlequimTech.Stock.Application\ArlequimTech.Stock.Application.csproj", "{E996AD70-0CD6-4B65-A726-4B68B972801C}"
EndProject
Project("{FAE04EC0-301F-11D3-BF4B-00C04F79EFBC}") = "ArlequimTech.Stock.Domain", "ArlequimTech.Stock.Domain\ArlequimTech.Stock.Domain.csproj", "{49179B91-BB39-4ADF-98CD-33A4E06679C6}"
EndProject
Project("{FAE04EC0-301F-11D3-BF4B-00C04F79EFBC}") = "ArlequimTech.Stock.Infrastructure", "ArlequimTech.Stock.Infrastructure\ArlequimTech.Stock.Infrastructure.csproj", "{9BD734BF-CF6D-4A29-B060-24B6C2361A36}"
EndProject
Project("{FAE04EC0-301F-11D3-BF4B-00C04F79EFBC}") = "ArlequimTech.Stock.Tests", "ArlequimTech.Stock.Tests\ArlequimTech.Stock.Tests.csproj", "{08D9FF54-F7C6-4E27-B210-00B297EACBA5}"
EndProject
Project("{FAE04EC0-301F-11D3-BF4B-00C04F79EFBC}") = "ArlequimTech.Auth.Application", "ArlequimTech.Auth.Application\ArlequimTech.Auth.Application.csproj", "{FDB191ED-4137-447C-98C4-81A91F8C22EC}"
EndProject
Project("{FAE04EC0-301F-11D3-BF4B-00C04F79EFBC}") = "ArlequimTech.Auth.Domain", "ArlequimTech.Auth.Domain\ArlequimTech.Auth.Domain.csproj", "{D6D68545-01CB-44A2-BDFE-8DF389B3B790}"
EndProject
Project("{FAE04EC0-301F-11D3-BF4B-00C04F79EFBC}") = "ArlequimTech.Auth.Infrastructure", "ArlequimTech.Auth.Infrastructure\ArlequimTech.Auth.Infrastructure.csproj", "{8B715C12-9B23-40F2-91D0-28381B78B75E}"
EndProject
Project("{FAE04EC0-301F-11D3-BF4B-00C04F79EFBC}") = "ArlequimTech.Auth.Tests", "ArlequimTech.Auth.Tests\ArlequimTech.Auth.Tests.csproj", "{75E19E31-794F-4774-B3FB-B5D8CCEDD1F6}"
EndProject
Project("{FAE04EC0-301F-11D3-BF4B-00C04F79EFBC}") = "ArlequimTech.Core", "ArlequimTech.Core\ArlequimTech.Core.csproj", "{E30C115D-2937-48FD-BA2D-ACC625C29F15}"
EndProject
Global
	GlobalSection(SolutionConfigurationPlatforms) = preSolution
		Debug|Any CPU = Debug|Any CPU
		Release|Any CPU = Release|Any CPU
	EndGlobalSection
	GlobalSection(ProjectConfigurationPlatforms) = postSolution
		{F0D8F1BD-05B3-4CFF-B97A-964378EBE988}.Debug|Any CPU.ActiveCfg = Debug|Any CPU
		{F0D8F1BD-05B3-4CFF-B97A-964378EBE988}.Debug|Any CPU.Build.0 = Debug|Any CPU
		{F0D8F1BD-05B3-4CFF-B97A-964378EBE988}.Release|Any CPU.ActiveCfg = Release|Any CPU
		{F0D8F1BD-05B3-4CFF-B97A-964378EBE988}.Release|Any CPU.Build.0 = Release|Any CPU
		{5C1EACF2-01C0-4FF2-9154-3711B6C4A688}.Debug|Any CPU.ActiveCfg = Debug|Any CPU
		{5C1EACF2-01C0-4FF2-9154-3711B6C4A688}.Debug|Any CPU.Build.0 = Debug|Any CPU
		{5C1EACF2-01C0-4FF2-9154-3711B6C4A688}.Release|Any CPU.ActiveCfg = Release|Any CPU
		{5C1EACF2-01C0-4FF2-9154-3711B6C4A688}.Release|Any CPU.Build.0 = Release|Any CPU
		{B6FF447E-73E1-42C8-B7DA-D6A0DEFECE18}.Debug|Any CPU.ActiveCfg = Debug|Any CPU
		{B6FF447E-73E1-42C8-B7DA-D6A0DEFECE18}.Debug|Any CPU.Build.0 = Debug|Any CPU
		{B6FF447E-73E1-42C8-B7DA-D6A0DEFECE18}.Release|Any CPU.ActiveCfg = Release|Any CPU
		{B6FF447E-73E1-42C8-B7DA-D6A0DEFECE18}.Release|Any CPU.Build.0 = Release|Any CPU
		{8C553816-AA6B-44C2-8CD5-FB5CF904503C}.Debug|Any CPU.ActiveCfg = Debug|Any CPU
		{8C553816-AA6B-44C2-8CD5-FB5CF904503C}.Debug|Any CPU.Build.0 = Debug|Any CPU
		{8C553816-AA6B-44C2-8CD5-FB5CF904503C}.Release|Any CPU.ActiveCfg = Release|Any CPU
		{8C553816-AA6B-44C2-8CD5-FB5CF904503C}.Release|Any CPU.Build.0 = Release|Any CPU
		{85B82B7A-19DD-4811-B4A6-C3421AFBB098}.Debug|Any CPU.ActiveCfg = Debug|Any CPU
		{85B82B7A-19DD-4811-B4A6-C3421AFBB098}.Debug|Any CPU.Build.0 = Debug|Any CPU
		{85B82B7A-19DD-4811-B4A6-C3421AFBB098}.Release|Any CPU.ActiveCfg = Release|Any CPU
		{85B82B7A-19DD-4811-B4A6-C3421AFBB098}.Release|Any CPU.Build.0 = Release|Any CPU
		{F2D022B2-D294-4E55-8A88-D8D94C3E1855}.Debug|Any CPU.ActiveCfg = Debug|Any CPU
		{F2D022B2-D294-4E55-8A88-D8D94C3E1855}.Debug|Any CPU.Build.0 = Debug|Any CPU
		{F2D022B2-D294-4E55-8A88-D8D94C3E1855}.Release|Any CPU.ActiveCfg = Release|Any CPU
		{F2D022B2-D294-4E55-8A88-D8D94C3E1855}.Release|Any CPU.Build.0 = Release|Any CPU
		{DD2860CD-490F-491D-8A4A-3651D7BAE72B}.Debug|Any CPU.ActiveCfg = Debug|Any CPU
		{DD2860CD-490F-491D-8A4A-3651D7BAE72B}.Debug|Any CPU.Build.0 = Debug|Any CPU
		{DD2860CD-490F-491D-8A4A-3651D7BAE72B}.Release|Any CPU.ActiveCfg = Release|Any CPU
		{DD2860CD-490F-491D-8A4A-3651D7BAE72B}.Release|Any CPU.Build.0 = Release|Any CPU
		{C88B84D9-6492-49BD-9CFE-A0E5EF481521}.Debug|Any CPU.ActiveCfg = Debug|Any CPU
		{C88B84D9-6492-49BD-9CFE-A0E5EF481521}.Debug|Any CPU.Build.0 = Debug|Any CPU
		{C88B84D9-6492-49BD-9CFE-A0E5EF481521}.Release|Any CPU.ActiveCfg = Release|Any CPU
		{C88B84D9-6492-49BD-9CFE-A0E5EF481521}.Release|Any CPU.Build.0 = Release|Any CPU
		{919401E4-B379-4251-868E-E5231C260177}.Debug|Any CPU.ActiveCfg = Debug|Any CPU
		{919401E4-B379-4251-868E-E5231C260177}.Debug|Any CPU.Build.0 = Debug|Any CPU
		{919401E4-B379-4251-868E-E5231C260177}.Release|Any CPU.ActiveCfg = Release|Any CPU
		{919401E4-B379-4251-868E-E5231C260177}.Release|Any CPU.Build.0 = Release|Any CPU
		{45DAFD4C-5B77-436C-A9EB-098A8A1C69EA}.Debug|Any CPU.ActiveCfg = Debug|Any CPU
		{45DAFD4C-5B77-436C-A9EB-098A8A1C69EA}.Debug|Any CPU.Build.0 = Debug|Any CPU
		{45DAFD4C-5B77-436C-A9EB-098A8A1C69EA}.Release|Any CPU.ActiveCfg = Release|Any CPU
		{45DAFD4C-5B77-436C-A9EB-098A8A1C69EA}.Release|Any CPU.Build.0 = Release|Any CPU
		{4F0698F4-49B1-4667-AE15-86F0617990DD}.Debug|Any CPU.ActiveCfg = Debug|Any CPU
		{4F0698F4-49B1-4667-AE15-86F0617990DD}.Debug|Any CPU.Build.0 = Debug|Any CPU
		{4F0698F4-49B1-4667-AE15-86F0617990DD}.Release|Any CPU.ActiveCfg = Release|Any CPU
		{4F0698F4-49B1-4667-AE15-86F0617990DD}.Release|Any CPU.Build.0 = Release|Any CPU
		{E4663AAD-076D-4691-9066-54EEC101C13F}.Debug|Any CPU.ActiveCfg = Debug|Any CPU
		{E4663AAD-076D-4691-9066-54EEC101C13F}.Debug|Any CPU.Build.0 = Debug|Any CPU
		{E4663AAD-076D-4691-9066-54EEC101C13F}.Release|Any CPU.ActiveCfg = Release|Any CPU
		{E4663AAD-076D-4691-9066-54EEC101C13F}.Release|Any CPU.Build.0 = Release|Any CPU
		{E996AD70-0CD6-4B65-A726-4B68B972801C}.Debug|Any CPU.ActiveCfg = Debug|Any CPU
		{E996AD70-0CD6-4B65-A726-4B68B972801C}.Debug|Any CPU.Build.0 = Debug|Any CPU
		{E996AD70-0CD6-4B65-A726-4B68B972801C}.Release|Any CPU.ActiveCfg = Release|Any CPU
		{E996AD70-0CD6-4B65-A726-4B68B972801C}.Release|Any CPU.Build.0 = Release|Any CPU
		{49179B91-BB39-4ADF-98CD-33A4E06679C6}.Debug|Any CPU.ActiveCfg = Debug|Any CPU
		{49179B91-BB39-4ADF-98CD-33A4E06679C6}.Debug|Any CPU.Build.0 = Debug|Any CPU
		{49179B91-BB39-4ADF-98CD-33A4E06679C6}.Release|Any CPU.ActiveCfg = Release|Any CPU
		{49179B91-BB39-4ADF-98CD-33A4E06679C6}.Release|Any CPU.Build.0 = Release|Any CPU
		{9BD734BF-CF6D-4A29-B060-24B6C2361A36}.Debug|Any CPU.ActiveCfg = Debug|Any CPU
		{9BD734BF-CF6D-4A29-B060-24B6C2361A36}.Debug|Any CPU.Build.0 = Debug|Any CPU
		{9BD734BF-CF6D-4A29-B060-24B6C2361A36}.Release|Any CPU.ActiveCfg = Release|Any CPU
		{9BD734BF-CF6D-4A29-B060-24B6C2361A36}.Release|Any CPU.Build.0 = Release|Any CPU
		{08D9FF54-F7C6-4E27-B210-00B297EACBA5}.Debug|Any CPU.ActiveCfg = Debug|Any CPU
		{08D9FF54-F7C6-4E27-B210-00B297EACBA5}.Debug|Any CPU.Build.0 = Debug|Any CPU
		{08D9FF54-F7C6-4E27-B210-00B297EACBA5}.Release|Any CPU.ActiveCfg = Release|Any CPU
		{08D9FF54-F7C6-4E27-B210-00B297EACBA5}.Release|Any CPU.Build.0 = Release|Any CPU
		{FDB191ED-4137-447C-98C4-81A91F8C22EC}.Debug|Any CPU.ActiveCfg = Debug|Any CPU
		{FDB191ED-4137-447C-98C4-81A91F8C22EC}.Debug|Any CPU.Build.0 = Debug|Any CPU
		{FDB191ED-4137-447C-98C4-81A91F8C22EC}.Release|Any CPU.ActiveCfg = Release|Any CPU
		{FDB191ED-4137-447C-98C4-81A91F8C22EC}.Release|Any CPU.Build.0 = Release|Any CPU
		{D6D68545-01CB-44A2-BDFE-8DF389B3B790}.Debug|Any CPU.ActiveCfg = Debug|Any CPU
		{D6D68545-01CB-44A2-BDFE-8DF389B3B790}.Debug|Any CPU.Build.0 = Debug|Any CPU
		{D6D68545-01CB-44A2-BDFE-8DF389B3B790}.Release|Any CPU.ActiveCfg = Release|Any CPU
		{D6D68545-01CB-44A2-BDFE-8DF389B3B790}.Release|Any CPU.Build.0 = Release|Any CPU
		{8B715C12-9B23-40F2-91D0-28381B78B75E}.Debug|Any CPU.ActiveCfg = Debug|Any CPU
		{8B715C12-9B23-40F2-91D0-28381B78B75E}.Debug|Any CPU.Build.0 = Debug|Any CPU
		{8B715C12-9B23-40F2-91D0-28381B78B75E}.Release|Any CPU.ActiveCfg = Release|Any CPU
		{8B715C12-9B23-40F2-91D0-28381B78B75E}.Release|Any CPU.Build.0 = Release|Any CPU
		{75E19E31-794F-4774-B3FB-B5D8CCEDD1F6}.Debug|Any CPU.ActiveCfg = Debug|Any CPU
		{75E19E31-794F-4774-B3FB-B5D8CCEDD1F6}.Debug|Any CPU.Build.0 = Debug|Any CPU
		{75E19E31-794F-4774-B3FB-B5D8CCEDD1F6}.Release|Any CPU.ActiveCfg = Release|Any CPU
		{75E19E31-794F-4774-B3FB-B5D8CCEDD1F6}.Release|Any CPU.Build.0 = Release|Any CPU
		{E30C115D-2937-48FD-BA2D-ACC625C29F15}.Debug|Any CPU.ActiveCfg = Debug|Any CPU
		{E30C115D-2937-48FD-BA2D-ACC625C29F15}.Debug|Any CPU.Build.0 = Debug|Any CPU
		{E30C115D-2937-48FD-BA2D-ACC625C29F15}.Release|Any CPU.ActiveCfg = Release|Any CPU
		{E30C115D-2937-48FD-BA2D-ACC625C29F15}.Release|Any CPU.Build.0 = Release|Any CPU
	EndGlobalSection
	GlobalSection(NestedProjects) = preSolution
		{F0D8F1BD-05B3-4CFF-B97A-964378EBE988} = {FE610C3E-EE75-44C8-854A-52D317FF7955}
		{5C1EACF2-01C0-4FF2-9154-3711B6C4A688} = {FE610C3E-EE75-44C8-854A-52D317FF7955}
		{B6FF447E-73E1-42C8-B7DA-D6A0DEFECE18} = {FE610C3E-EE75-44C8-854A-52D317FF7955}
		{8C553816-AA6B-44C2-8CD5-FB5CF904503C} = {FE610C3E-EE75-44C8-854A-52D317FF7955}
		{85B82B7A-19DD-4811-B4A6-C3421AFBB098} = {FE610C3E-EE75-44C8-854A-52D317FF7955}
		{F2D022B2-D294-4E55-8A88-D8D94C3E1855} = {9CF03A89-D5CE-4CDB-88F8-C7F93A29B3CE}
		{DD2860CD-490F-491D-8A4A-3651D7BAE72B} = {21E72A0E-D58D-4DD2-95E8-CB933B2C346B}
		{C88B84D9-6492-49BD-9CFE-A0E5EF481521} = {02F6C020-6B5A-47B9-96C4-902F95438765}
		{919401E4-B379-4251-868E-E5231C260177} = {9CF03A89-D5CE-4CDB-88F8-C7F93A29B3CE}
		{45DAFD4C-5B77-436C-A9EB-098A8A1C69EA} = {9CF03A89-D5CE-4CDB-88F8-C7F93A29B3CE}
		{4F0698F4-49B1-4667-AE15-86F0617990DD} = {9CF03A89-D5CE-4CDB-88F8-C7F93A29B3CE}
		{E4663AAD-076D-4691-9066-54EEC101C13F} = {9CF03A89-D5CE-4CDB-88F8-C7F93A29B3CE}
		{E996AD70-0CD6-4B65-A726-4B68B972801C} = {21E72A0E-D58D-4DD2-95E8-CB933B2C346B}
		{49179B91-BB39-4ADF-98CD-33A4E06679C6} = {21E72A0E-D58D-4DD2-95E8-CB933B2C346B}
		{9BD734BF-CF6D-4A29-B060-24B6C2361A36} = {21E72A0E-D58D-4DD2-95E8-CB933B2C346B}
		{08D9FF54-F7C6-4E27-B210-00B297EACBA5} = {21E72A0E-D58D-4DD2-95E8-CB933B2C346B}
		{FDB191ED-4137-447C-98C4-81A91F8C22EC} = {02F6C020-6B5A-47B9-96C4-902F95438765}
		{D6D68545-01CB-44A2-BDFE-8DF389B3B790} = {02F6C020-6B5A-47B9-96C4-902F95438765}
		{8B715C12-9B23-40F2-91D0-28381B78B75E} = {02F6C020-6B5A-47B9-96C4-902F95438765}
		{75E19E31-794F-4774-B3FB-B5D8CCEDD1F6} = {02F6C020-6B5A-47B9-96C4-902F95438765}
	EndGlobalSection
EndGlobal
